
Microsoft Visual Studio Solution File, Format Version 12.00
# Visual Studio Version 17
VisualStudioVersion = 17.5.33530.505
MinimumVisualStudioVersion = 10.0.40219.1
Project("{9A19103F-16F7-4668-BE54-9A1E7A4F7556}") = "AvaloniaMauiHybrid.Controls", "AvaloniaMauiHybrid.Controls\AvaloniaMauiHybrid.Controls.csproj", "{570EB7AB-A8A4-442A-B617-2E7FDB028C2D}"
EndProject
Project("{9A19103F-16F7-4668-BE54-9A1E7A4F7556}") = "Avalonia.Maui", "Avalonia.Maui\Avalonia.Maui.csproj", "{7D0EE7D8-D3C8-4FC9-BAA5-2A6E5827146E}"
EndProject
Project("{9A19103F-16F7-4668-BE54-9A1E7A4F7556}") = "AvaloniaMauiHybrid.Controls.Gallery", "AvaloniaMauiHybrid.Controls.Gallery\AvaloniaMauiHybrid.Controls.Gallery.csproj", "{99D1272A-396A-46E6-BDF4-CD3323302363}"
EndProject
Global
	GlobalSection(SolutionConfigurationPlatforms) = preSolution
		Debug|Any CPU = Debug|Any CPU
		Release|Any CPU = Release|Any CPU
	EndGlobalSection
	GlobalSection(ProjectConfigurationPlatforms) = postSolution
		{570EB7AB-A8A4-442A-B617-2E7FDB028C2D}.Debug|Any CPU.ActiveCfg = Debug|Any CPU
		{570EB7AB-A8A4-442A-B617-2E7FDB028C2D}.Debug|Any CPU.Build.0 = Debug|Any CPU
		{570EB7AB-A8A4-442A-B617-2E7FDB028C2D}.Release|Any CPU.ActiveCfg = Release|Any CPU
		{570EB7AB-A8A4-442A-B617-2E7FDB028C2D}.Release|Any CPU.Build.0 = Release|Any CPU
		{7D0EE7D8-D3C8-4FC9-BAA5-2A6E5827146E}.Debug|Any CPU.ActiveCfg = Debug|Any CPU
		{7D0EE7D8-D3C8-4FC9-BAA5-2A6E5827146E}.Debug|Any CPU.Build.0 = Debug|Any CPU
		{7D0EE7D8-D3C8-4FC9-BAA5-2A6E5827146E}.Release|Any CPU.ActiveCfg = Release|Any CPU
		{7D0EE7D8-D3C8-4FC9-BAA5-2A6E5827146E}.Release|Any CPU.Build.0 = Release|Any CPU
		{99D1272A-396A-46E6-BDF4-CD3323302363}.Debug|Any CPU.ActiveCfg = Debug|Any CPU
		{99D1272A-396A-46E6-BDF4-CD3323302363}.Debug|Any CPU.Build.0 = Debug|Any CPU
		{99D1272A-396A-46E6-BDF4-CD3323302363}.Debug|Any CPU.Deploy.0 = Debug|Any CPU
		{99D1272A-396A-46E6-BDF4-CD3323302363}.Release|Any CPU.ActiveCfg = Release|Any CPU
		{99D1272A-396A-46E6-BDF4-CD3323302363}.Release|Any CPU.Build.0 = Release|Any CPU
		{99D1272A-396A-46E6-BDF4-CD3323302363}.Release|Any CPU.Deploy.0 = Release|Any CPU
	EndGlobalSection
	GlobalSection(SolutionProperties) = preSolution
		HideSolutionNode = FALSE
	EndGlobalSection
	GlobalSection(ExtensibilityGlobals) = postSolution
		SolutionGuid = {3A320B94-CAAA-42A7-A87F-F54C6B09D100}
	EndGlobalSection
EndGlobal
